
Microsoft Visual Studio Solution File, Format Version 12.00
# Visual Studio Version 16
VisualStudioVersion = 16.0.32510.428
MinimumVisualStudioVersion = 10.0.40219.1
Project("{9A19103F-16F7-4668-BE54-9A1E7A4F7556}") = "RealEstate", "RealEstate\RealEstate.csproj", "{CCAEE9DB-1696-48D1-B982-A0BF8F7F2AE2}"
EndProject
Global
	GlobalSection(SolutionConfigurationPlatforms) = preSolution
		Debug|Any CPU = Debug|Any CPU
		Release|Any CPU = Release|Any CPU
	EndGlobalSection
	GlobalSection(ProjectConfigurationPlatforms) = postSolution
		{CCAEE9DB-1696-48D1-B982-A0BF8F7F2AE2}.Debug|Any CPU.ActiveCfg = Debug|Any CPU
		{CCAEE9DB-1696-48D1-B982-A0BF8F7F2AE2}.Debug|Any CPU.Build.0 = Debug|Any CPU
		{CCAEE9DB-1696-48D1-B982-A0BF8F7F2AE2}.Release|Any CPU.ActiveCfg = Release|Any CPU
		{CCAEE9DB-1696-48D1-B982-A0BF8F7F2AE2}.Release|Any CPU.Build.0 = Release|Any CPU
	EndGlobalSection
	GlobalSection(SolutionProperties) = preSolution
		HideSolutionNode = FALSE
	EndGlobalSection
	GlobalSection(ExtensibilityGlobals) = postSolution
		SolutionGuid = {52F0F51A-DF3A-4785-9CCB-133B7DA2D806}
	EndGlobalSection
EndGlobal
